// !$*UTF8*$!
{
	archiveVersion = 1;
	classes = {
	};
	objectVersion = 55;
	objects = {

/* Begin PBXBuildFile section */
		44451D4F28183D38006194A1 /* HomeViewController.swift in Sources */ = {isa = PBXBuildFile; fileRef = 44451D4E28183D38006194A1 /* HomeViewController.swift */; };
		44814EE828192D1C00E5AAFD /* AlbumTableViewController.swift in Sources */ = {isa = PBXBuildFile; fileRef = 44814EE728192D1C00E5AAFD /* AlbumTableViewController.swift */; };
		44814EEA28192D3900E5AAFD /* SongViewController.swift in Sources */ = {isa = PBXBuildFile; fileRef = 44814EE928192D3900E5AAFD /* SongViewController.swift */; };
		846AC609281930ED00E0CB2E /* ArtistCollectionViewController.swift in Sources */ = {isa = PBXBuildFile; fileRef = 846AC608281930ED00E0CB2E /* ArtistCollectionViewController.swift */; };
		847799BA281A7EF3001C68F6 /* img-button-pause.png in Resources */ = {isa = PBXBuildFile; fileRef = 847799B9281A7EF3001C68F6 /* img-button-pause.png */; };
		847799BC281A7F02001C68F6 /* img-play-button.png in Resources */ = {isa = PBXBuildFile; fileRef = 847799BB281A7F01001C68F6 /* img-play-button.png */; };
		847799C1281AD23F001C68F6 /* next-right.jpeg in Resources */ = {isa = PBXBuildFile; fileRef = 847799C0281AD23F001C68F6 /* next-right.jpeg */; };
		847799C3281AD24C001C68F6 /* next-left.jpeg in Resources */ = {isa = PBXBuildFile; fileRef = 847799C2281AD24C001C68F6 /* next-left.jpeg */; };
		847799C8281AD740001C68F6 /* skip-icon-png-right.jpeg in Resources */ = {isa = PBXBuildFile; fileRef = 847799C7281AD740001C68F6 /* skip-icon-png-right.jpeg */; };
		84ABB2DC2817D7EB00150459 /* AppDelegate.swift in Sources */ = {isa = PBXBuildFile; fileRef = 84ABB2DB2817D7EB00150459 /* AppDelegate.swift */; };
		84ABB2DE2817D7EB00150459 /* SceneDelegate.swift in Sources */ = {isa = PBXBuildFile; fileRef = 84ABB2DD2817D7EB00150459 /* SceneDelegate.swift */; };
		84ABB2E32817D7EB00150459 /* Main.storyboard in Resources */ = {isa = PBXBuildFile; fileRef = 84ABB2E12817D7EB00150459 /* Main.storyboard */; };
		84ABB2E52817D7F000150459 /* Assets.xcassets in Resources */ = {isa = PBXBuildFile; fileRef = 84ABB2E42817D7F000150459 /* Assets.xcassets */; };
		84ABB2E82817D7F000150459 /* LaunchScreen.storyboard in Resources */ = {isa = PBXBuildFile; fileRef = 84ABB2E62817D7F000150459 /* LaunchScreen.storyboard */; };
		90EBDA31281936B700C46754 /* ArtistCollectionViewCell.swift in Sources */ = {isa = PBXBuildFile; fileRef = 90EBDA30281936B700C46754 /* ArtistCollectionViewCell.swift */; };
/* End PBXBuildFile section */

/* Begin PBXFileReference section */
		44451D4E28183D38006194A1 /* HomeViewController.swift */ = {isa = PBXFileReference; lastKnownFileType = sourcecode.swift; path = HomeViewController.swift; sourceTree = "<group>"; };
		44814EE728192D1C00E5AAFD /* AlbumTableViewController.swift */ = {isa = PBXFileReference; lastKnownFileType = sourcecode.swift; path = AlbumTableViewController.swift; sourceTree = "<group>"; };
		44814EE928192D3900E5AAFD /* SongViewController.swift */ = {isa = PBXFileReference; lastKnownFileType = sourcecode.swift; path = SongViewController.swift; sourceTree = "<group>"; };
		846AC608281930ED00E0CB2E /* ArtistCollectionViewController.swift */ = {isa = PBXFileReference; lastKnownFileType = sourcecode.swift; path = ArtistCollectionViewController.swift; sourceTree = "<group>"; };
		847799B9281A7EF3001C68F6 /* img-button-pause.png */ = {isa = PBXFileReference; lastKnownFileType = image.png; name = "img-button-pause.png"; path = "../../../../Desktop/app-projet-ios/L-app-IOS/Lapp/img-button-pause.png"; sourceTree = "<group>"; };
		847799BB281A7F01001C68F6 /* img-play-button.png */ = {isa = PBXFileReference; lastKnownFileType = image.png; name = "img-play-button.png"; path = "../../../../Desktop/app-projet-ios/L-app-IOS/Lapp/img-play-button.png"; sourceTree = "<group>"; };
		847799C0281AD23F001C68F6 /* next-right.jpeg */ = {isa = PBXFileReference; lastKnownFileType = image.jpeg; path = "next-right.jpeg"; sourceTree = "<group>"; };
		847799C2281AD24C001C68F6 /* next-left.jpeg */ = {isa = PBXFileReference; lastKnownFileType = image.jpeg; path = "next-left.jpeg"; sourceTree = "<group>"; };
		847799C7281AD740001C68F6 /* skip-icon-png-right.jpeg */ = {isa = PBXFileReference; lastKnownFileType = image.jpeg; name = "skip-icon-png-right.jpeg"; path = "../../../../Desktop/app-projet-ios/skip-icon-png-right.jpeg"; sourceTree = "<group>"; };
		84ABB2D82817D7EB00150459 /* Lapp.app */ = {isa = PBXFileReference; explicitFileType = wrapper.application; includeInIndex = 0; path = Lapp.app; sourceTree = BUILT_PRODUCTS_DIR; };
		84ABB2DB2817D7EB00150459 /* AppDelegate.swift */ = {isa = PBXFileReference; lastKnownFileType = sourcecode.swift; path = AppDelegate.swift; sourceTree = "<group>"; };
		84ABB2DD2817D7EB00150459 /* SceneDelegate.swift */ = {isa = PBXFileReference; lastKnownFileType = sourcecode.swift; path = SceneDelegate.swift; sourceTree = "<group>"; };
		84ABB2E22817D7EB00150459 /* Base */ = {isa = PBXFileReference; lastKnownFileType = file.storyboard; name = Base; path = Base.lproj/Main.storyboard; sourceTree = "<group>"; };
		84ABB2E42817D7F000150459 /* Assets.xcassets */ = {isa = PBXFileReference; lastKnownFileType = folder.assetcatalog; path = Assets.xcassets; sourceTree = "<group>"; };
		84ABB2E72817D7F000150459 /* Base */ = {isa = PBXFileReference; lastKnownFileType = file.storyboard; name = Base; path = Base.lproj/LaunchScreen.storyboard; sourceTree = "<group>"; };
		84ABB2E92817D7F000150459 /* Info.plist */ = {isa = PBXFileReference; lastKnownFileType = text.plist.xml; path = Info.plist; sourceTree = "<group>"; };
		90EBDA30281936B700C46754 /* ArtistCollectionViewCell.swift */ = {isa = PBXFileReference; lastKnownFileType = sourcecode.swift; path = ArtistCollectionViewCell.swift; sourceTree = "<group>"; };
/* End PBXFileReference section */

/* Begin PBXFrameworksBuildPhase section */
		84ABB2D52817D7EB00150459 /* Frameworks */ = {
			isa = PBXFrameworksBuildPhase;
			buildActionMask = 2147483647;
			files = (
			);
			runOnlyForDeploymentPostprocessing = 0;
		};
/* End PBXFrameworksBuildPhase section */

/* Begin PBXGroup section */
		44451D4B28183BB0006194A1 /* Ressource */ = {
			isa = PBXGroup;
			children = (
				84ABB2E42817D7F000150459 /* Assets.xcassets */,
			);
			path = Ressource;
			sourceTree = "<group>";
		};
		44814EE628192CF600E5AAFD /* Controllers */ = {
			isa = PBXGroup;
			children = (
				44451D4E28183D38006194A1 /* HomeViewController.swift */,
				846AC608281930ED00E0CB2E /* ArtistCollectionViewController.swift */,
				44814EE728192D1C00E5AAFD /* AlbumTableViewController.swift */,
				44814EE928192D3900E5AAFD /* SongViewController.swift */,
			);
			path = Controllers;
			sourceTree = "<group>";
		};
		84ABB2CF2817D7EB00150459 = {
			isa = PBXGroup;
			children = (
				84ABB2DA2817D7EB00150459 /* Lapp */,
				84ABB2D92817D7EB00150459 /* Products */,
			);
			sourceTree = "<group>";
		};
		84ABB2D92817D7EB00150459 /* Products */ = {
			isa = PBXGroup;
			children = (
				84ABB2D82817D7EB00150459 /* Lapp.app */,
			);
			name = Products;
			sourceTree = "<group>";
		};
		84ABB2DA2817D7EB00150459 /* Lapp */ = {
			isa = PBXGroup;
			children = (
				847799B9281A7EF3001C68F6 /* img-button-pause.png */,
				847799BB281A7F01001C68F6 /* img-play-button.png */,
				847799C0281AD23F001C68F6 /* next-right.jpeg */,
				847799C7281AD740001C68F6 /* skip-icon-png-right.jpeg */,
				847799C2281AD24C001C68F6 /* next-left.jpeg */,
				84ABB2DB2817D7EB00150459 /* AppDelegate.swift */,
				84ABB2DD2817D7EB00150459 /* SceneDelegate.swift */,
				84ABB2E12817D7EB00150459 /* Main.storyboard */,
				90EBDA30281936B700C46754 /* ArtistCollectionViewCell.swift */,
				44814EE628192CF600E5AAFD /* Controllers */,
				44451D4B28183BB0006194A1 /* Ressource */,
				84ABB2E62817D7F000150459 /* LaunchScreen.storyboard */,
				84ABB2E92817D7F000150459 /* Info.plist */,
			);
			path = Lapp;
			sourceTree = "<group>";
		};
/* End PBXGroup section */

/* Begin PBXNativeTarget section */
		84ABB2D72817D7EB00150459 /* Lapp */ = {
			isa = PBXNativeTarget;
			buildConfigurationList = 84ABB2EC2817D7F000150459 /* Build configuration list for PBXNativeTarget "Lapp" */;
			buildPhases = (
				84ABB2D42817D7EB00150459 /* Sources */,
				84ABB2D52817D7EB00150459 /* Frameworks */,
				84ABB2D62817D7EB00150459 /* Resources */,
			);
			buildRules = (
			);
			dependencies = (
			);
			name = Lapp;
			productName = Lapp;
			productReference = 84ABB2D82817D7EB00150459 /* Lapp.app */;
			productType = "com.apple.product-type.application";
		};
/* End PBXNativeTarget section */

/* Begin PBXProject section */
		84ABB2D02817D7EB00150459 /* Project object */ = {
			isa = PBXProject;
			attributes = {
				BuildIndependentTargetsInParallel = 1;
				LastSwiftUpdateCheck = 1330;
				LastUpgradeCheck = 1330;
				TargetAttributes = {
					84ABB2D72817D7EB00150459 = {
						CreatedOnToolsVersion = 13.3.1;
					};
				};
			};
			buildConfigurationList = 84ABB2D32817D7EB00150459 /* Build configuration list for PBXProject "Lapp" */;
			compatibilityVersion = "Xcode 13.0";
			developmentRegion = en;
			hasScannedForEncodings = 0;
			knownRegions = (
				en,
				Base,
			);
			mainGroup = 84ABB2CF2817D7EB00150459;
			productRefGroup = 84ABB2D92817D7EB00150459 /* Products */;
			projectDirPath = "";
			projectRoot = "";
			targets = (
				84ABB2D72817D7EB00150459 /* Lapp */,
			);
		};
/* End PBXProject section */

/* Begin PBXResourcesBuildPhase section */
		84ABB2D62817D7EB00150459 /* Resources */ = {
			isa = PBXResourcesBuildPhase;
			buildActionMask = 2147483647;
			files = (
				847799BA281A7EF3001C68F6 /* img-button-pause.png in Resources */,
				84ABB2E82817D7F000150459 /* LaunchScreen.storyboard in Resources */,
				847799C3281AD24C001C68F6 /* next-left.jpeg in Resources */,
				847799BC281A7F02001C68F6 /* img-play-button.png in Resources */,
				847799C1281AD23F001C68F6 /* next-right.jpeg in Resources */,
				84ABB2E52817D7F000150459 /* Assets.xcassets in Resources */,
				847799C8281AD740001C68F6 /* skip-icon-png-right.jpeg in Resources */,
				84ABB2E32817D7EB00150459 /* Main.storyboard in Resources */,
			);
			runOnlyForDeploymentPostprocessing = 0;
		};
/* End PBXResourcesBuildPhase section */

/* Begin PBXSourcesBuildPhase section */
		84ABB2D42817D7EB00150459 /* Sources */ = {
			isa = PBXSourcesBuildPhase;
			buildActionMask = 2147483647;
			files = (
				84ABB2DC2817D7EB00150459 /* AppDelegate.swift in Sources */,
				90EBDA31281936B700C46754 /* ArtistCollectionViewCell.swift in Sources */,
				44814EE828192D1C00E5AAFD /* AlbumTableViewController.swift in Sources */,
				44814EEA28192D3900E5AAFD /* SongViewController.swift in Sources */,
				846AC609281930ED00E0CB2E /* ArtistCollectionViewController.swift in Sources */,
				84ABB2DE2817D7EB00150459 /* SceneDelegate.swift in Sources */,
				44451D4F28183D38006194A1 /* HomeViewController.swift in Sources */,
			);
			runOnlyForDeploymentPostprocessing = 0;
		};
/* End PBXSourcesBuildPhase section */

/* Begin PBXVariantGroup section */
		84ABB2E12817D7EB00150459 /* Main.storyboard */ = {
			isa = PBXVariantGroup;
			children = (
				84ABB2E22817D7EB00150459 /* Base */,
			);
			name = Main.storyboard;
			sourceTree = "<group>";
		};
		84ABB2E62817D7F000150459 /* LaunchScreen.storyboard */ = {
			isa = PBXVariantGroup;
			children = (
				84ABB2E72817D7F000150459 /* Base */,
			);
			name = LaunchScreen.storyboard;
			sourceTree = "<group>";
		};
/* End PBXVariantGroup section */

/* Begin XCBuildConfiguration section */
		84ABB2EA2817D7F000150459 /* Debug */ = {
			isa = XCBuildConfiguration;
			buildSettings = {
				ALWAYS_SEARCH_USER_PATHS = NO;
				CLANG_ANALYZER_NONNULL = YES;
				CLANG_ANALYZER_NUMBER_OBJECT_CONVERSION = YES_AGGRESSIVE;
				CLANG_CXX_LANGUAGE_STANDARD = "gnu++17";
				CLANG_ENABLE_MODULES = YES;
				CLANG_ENABLE_OBJC_ARC = YES;
				CLANG_ENABLE_OBJC_WEAK = YES;
				CLANG_WARN_BLOCK_CAPTURE_AUTORELEASING = YES;
				CLANG_WARN_BOOL_CONVERSION = YES;
				CLANG_WARN_COMMA = YES;
				CLANG_WARN_CONSTANT_CONVERSION = YES;
				CLANG_WARN_DEPRECATED_OBJC_IMPLEMENTATIONS = YES;
				CLANG_WARN_DIRECT_OBJC_ISA_USAGE = YES_ERROR;
				CLANG_WARN_DOCUMENTATION_COMMENTS = YES;
				CLANG_WARN_EMPTY_BODY = YES;
				CLANG_WARN_ENUM_CONVERSION = YES;
				CLANG_WARN_INFINITE_RECURSION = YES;
				CLANG_WARN_INT_CONVERSION = YES;
				CLANG_WARN_NON_LITERAL_NULL_CONVERSION = YES;
				CLANG_WARN_OBJC_IMPLICIT_RETAIN_SELF = YES;
				CLANG_WARN_OBJC_LITERAL_CONVERSION = YES;
				CLANG_WARN_OBJC_ROOT_CLASS = YES_ERROR;
				CLANG_WARN_QUOTED_INCLUDE_IN_FRAMEWORK_HEADER = YES;
				CLANG_WARN_RANGE_LOOP_ANALYSIS = YES;
				CLANG_WARN_STRICT_PROTOTYPES = YES;
				CLANG_WARN_SUSPICIOUS_MOVE = YES;
				CLANG_WARN_UNGUARDED_AVAILABILITY = YES_AGGRESSIVE;
				CLANG_WARN_UNREACHABLE_CODE = YES;
				CLANG_WARN__DUPLICATE_METHOD_MATCH = YES;
				COPY_PHASE_STRIP = NO;
				DEBUG_INFORMATION_FORMAT = dwarf;
				ENABLE_STRICT_OBJC_MSGSEND = YES;
				ENABLE_TESTABILITY = YES;
				GCC_C_LANGUAGE_STANDARD = gnu11;
				GCC_DYNAMIC_NO_PIC = NO;
				GCC_NO_COMMON_BLOCKS = YES;
				GCC_OPTIMIZATION_LEVEL = 0;
				GCC_PREPROCESSOR_DEFINITIONS = (
					"DEBUG=1",
					"$(inherited)",
				);
				GCC_WARN_64_TO_32_BIT_CONVERSION = YES;
				GCC_WARN_ABOUT_RETURN_TYPE = YES_ERROR;
				GCC_WARN_UNDECLARED_SELECTOR = YES;
				GCC_WARN_UNINITIALIZED_AUTOS = YES_AGGRESSIVE;
				GCC_WARN_UNUSED_FUNCTION = YES;
				GCC_WARN_UNUSED_VARIABLE = YES;
				IPHONEOS_DEPLOYMENT_TARGET = 15.4;
				MTL_ENABLE_DEBUG_INFO = INCLUDE_SOURCE;
				MTL_FAST_MATH = YES;
				ONLY_ACTIVE_ARCH = YES;
				SDKROOT = iphoneos;
				SWIFT_ACTIVE_COMPILATION_CONDITIONS = DEBUG;
				SWIFT_OPTIMIZATION_LEVEL = "-Onone";
			};
			name = Debug;
		};
		84ABB2EB2817D7F000150459 /* Release */ = {
			isa = XCBuildConfiguration;
			buildSettings = {
				ALWAYS_SEARCH_USER_PATHS = NO;
				CLANG_ANALYZER_NONNULL = YES;
				CLANG_ANALYZER_NUMBER_OBJECT_CONVERSION = YES_AGGRESSIVE;
				CLANG_CXX_LANGUAGE_STANDARD = "gnu++17";
				CLANG_ENABLE_MODULES = YES;
				CLANG_ENABLE_OBJC_ARC = YES;
				CLANG_ENABLE_OBJC_WEAK = YES;
				CLANG_WARN_BLOCK_CAPTURE_AUTORELEASING = YES;
				CLANG_WARN_BOOL_CONVERSION = YES;
				CLANG_WARN_COMMA = YES;
				CLANG_WARN_CONSTANT_CONVERSION = YES;
				CLANG_WARN_DEPRECATED_OBJC_IMPLEMENTATIONS = YES;
				CLANG_WARN_DIRECT_OBJC_ISA_USAGE = YES_ERROR;
				CLANG_WARN_DOCUMENTATION_COMMENTS = YES;
				CLANG_WARN_EMPTY_BODY = YES;
				CLANG_WARN_ENUM_CONVERSION = YES;
				CLANG_WARN_INFINITE_RECURSION = YES;
				CLANG_WARN_INT_CONVERSION = YES;
				CLANG_WARN_NON_LITERAL_NULL_CONVERSION = YES;
				CLANG_WARN_OBJC_IMPLICIT_RETAIN_SELF = YES;
				CLANG_WARN_OBJC_LITERAL_CONVERSION = YES;
				CLANG_WARN_OBJC_ROOT_CLASS = YES_ERROR;
				CLANG_WARN_QUOTED_INCLUDE_IN_FRAMEWORK_HEADER = YES;
				CLANG_WARN_RANGE_LOOP_ANALYSIS = YES;
				CLANG_WARN_STRICT_PROTOTYPES = YES;
				CLANG_WARN_SUSPICIOUS_MOVE = YES;
				CLANG_WARN_UNGUARDED_AVAILABILITY = YES_AGGRESSIVE;
				CLANG_WARN_UNREACHABLE_CODE = YES;
				CLANG_WARN__DUPLICATE_METHOD_MATCH = YES;
				COPY_PHASE_STRIP = NO;
				DEBUG_INFORMATION_FORMAT = "dwarf-with-dsym";
				ENABLE_NS_ASSERTIONS = NO;
				ENABLE_STRICT_OBJC_MSGSEND = YES;
				GCC_C_LANGUAGE_STANDARD = gnu11;
				GCC_NO_COMMON_BLOCKS = YES;
				GCC_WARN_64_TO_32_BIT_CONVERSION = YES;
				GCC_WARN_ABOUT_RETURN_TYPE = YES_ERROR;
				GCC_WARN_UNDECLARED_SELECTOR = YES;
				GCC_WARN_UNINITIALIZED_AUTOS = YES_AGGRESSIVE;
				GCC_WARN_UNUSED_FUNCTION = YES;
				GCC_WARN_UNUSED_VARIABLE = YES;
				IPHONEOS_DEPLOYMENT_TARGET = 15.4;
				MTL_ENABLE_DEBUG_INFO = NO;
				MTL_FAST_MATH = YES;
				SDKROOT = iphoneos;
				SWIFT_COMPILATION_MODE = wholemodule;
				SWIFT_OPTIMIZATION_LEVEL = "-O";
				VALIDATE_PRODUCT = YES;
			};
			name = Release;
		};
		84ABB2ED2817D7F000150459 /* Debug */ = {
			isa = XCBuildConfiguration;
			buildSettings = {
				ASSETCATALOG_COMPILER_APPICON_NAME = AppIcon;
				ASSETCATALOG_COMPILER_GLOBAL_ACCENT_COLOR_NAME = AccentColor;
				CODE_SIGN_STYLE = Automatic;
				CURRENT_PROJECT_VERSION = 1;
				GENERATE_INFOPLIST_FILE = YES;
				INFOPLIST_FILE = Lapp/Info.plist;
				INFOPLIST_KEY_UIApplicationSupportsIndirectInputEvents = YES;
				INFOPLIST_KEY_UILaunchStoryboardName = LaunchScreen;
				INFOPLIST_KEY_UIMainStoryboardFile = Main;
				INFOPLIST_KEY_UISupportedInterfaceOrientations_iPad = "UIInterfaceOrientationPortrait UIInterfaceOrientationPortraitUpsideDown UIInterfaceOrientationLandscapeLeft UIInterfaceOrientationLandscapeRight";
				INFOPLIST_KEY_UISupportedInterfaceOrientations_iPhone = "UIInterfaceOrientationPortrait UIInterfaceOrientationLandscapeLeft UIInterfaceOrientationLandscapeRight";
				LD_RUNPATH_SEARCH_PATHS = (
					"$(inherited)",
					"@executable_path/Frameworks",
				);
				MARKETING_VERSION = 1.0;
				PRODUCT_BUNDLE_IDENTIFIER = com.storybord.Lapp;
				PRODUCT_NAME = "$(TARGET_NAME)";
				SWIFT_EMIT_LOC_STRINGS = YES;
				SWIFT_VERSION = 5.0;
				TARGETED_DEVICE_FAMILY = "1,2";
			};
			name = Debug;
		};
		84ABB2EE2817D7F000150459 /* Release */ = {
			isa = XCBuildConfiguration;
			buildSettings = {
				ASSETCATALOG_COMPILER_APPICON_NAME = AppIcon;
				ASSETCATALOG_COMPILER_GLOBAL_ACCENT_COLOR_NAME = AccentColor;
				CODE_SIGN_STYLE = Automatic;
				CURRENT_PROJECT_VERSION = 1;
				GENERATE_INFOPLIST_FILE = YES;
				INFOPLIST_FILE = Lapp/Info.plist;
				INFOPLIST_KEY_UIApplicationSupportsIndirectInputEvents = YES;
				INFOPLIST_KEY_UILaunchStoryboardName = LaunchScreen;
				INFOPLIST_KEY_UIMainStoryboardFile = Main;
				INFOPLIST_KEY_UISupportedInterfaceOrientations_iPad = "UIInterfaceOrientationPortrait UIInterfaceOrientationPortraitUpsideDown UIInterfaceOrientationLandscapeLeft UIInterfaceOrientationLandscapeRight";
				INFOPLIST_KEY_UISupportedInterfaceOrientations_iPhone = "UIInterfaceOrientationPortrait UIInterfaceOrientationLandscapeLeft UIInterfaceOrientationLandscapeRight";
				LD_RUNPATH_SEARCH_PATHS = (
					"$(inherited)",
					"@executable_path/Frameworks",
				);
				MARKETING_VERSION = 1.0;
				PRODUCT_BUNDLE_IDENTIFIER = com.storybord.Lapp;
				PRODUCT_NAME = "$(TARGET_NAME)";
				SWIFT_EMIT_LOC_STRINGS = YES;
				SWIFT_VERSION = 5.0;
				TARGETED_DEVICE_FAMILY = "1,2";
			};
			name = Release;
		};
/* End XCBuildConfiguration section */

/* Begin XCConfigurationList section */
		84ABB2D32817D7EB00150459 /* Build configuration list for PBXProject "Lapp" */ = {
			isa = XCConfigurationList;
			buildConfigurations = (
				84ABB2EA2817D7F000150459 /* Debug */,
				84ABB2EB2817D7F000150459 /* Release */,
			);
			defaultConfigurationIsVisible = 0;
			defaultConfigurationName = Release;
		};
		84ABB2EC2817D7F000150459 /* Build configuration list for PBXNativeTarget "Lapp" */ = {
			isa = XCConfigurationList;
			buildConfigurations = (
				84ABB2ED2817D7F000150459 /* Debug */,
				84ABB2EE2817D7F000150459 /* Release */,
			);
			defaultConfigurationIsVisible = 0;
			defaultConfigurationName = Release;
		};
/* End XCConfigurationList section */
	};
	rootObject = 84ABB2D02817D7EB00150459 /* Project object */;
}
